
Microsoft Visual Studio Solution File, Format Version 12.00
# Visual Studio 14
VisualStudioVersion = 14.0.25420.1
MinimumVisualStudioVersion = 10.0.40219.1
Project("{FAE04EC0-301F-11D3-BF4B-00C04F79EFBC}") = "TennisRanking.Models", "TennisRanking.Models\TennisRanking.Models.csproj", "{37907D94-7874-4E0F-8417-BB0E8D8D8A78}"
EndProject
Project("{FAE04EC0-301F-11D3-BF4B-00C04F79EFBC}") = "TennisRanking.Data", "TennisRanking.Data\TennisRanking.Data.csproj", "{4F5ECE48-B557-454B-B533-598E8D9E2903}"
EndProject
Project("{FAE04EC0-301F-11D3-BF4B-00C04F79EFBC}") = "TennisRanking.Client", "TennisRanking.Client\TennisRanking.Client.csproj", "{6DEEBDD9-5427-4060-B2A1-723C7165C299}"
EndProject
Global
	GlobalSection(SolutionConfigurationPlatforms) = preSolution
		Debug|Any CPU = Debug|Any CPU
		Release|Any CPU = Release|Any CPU
	EndGlobalSection
	GlobalSection(ProjectConfigurationPlatforms) = postSolution
		{37907D94-7874-4E0F-8417-BB0E8D8D8A78}.Debug|Any CPU.ActiveCfg = Debug|Any CPU
		{37907D94-7874-4E0F-8417-BB0E8D8D8A78}.Debug|Any CPU.Build.0 = Debug|Any CPU
		{37907D94-7874-4E0F-8417-BB0E8D8D8A78}.Release|Any CPU.ActiveCfg = Release|Any CPU
		{37907D94-7874-4E0F-8417-BB0E8D8D8A78}.Release|Any CPU.Build.0 = Release|Any CPU
		{4F5ECE48-B557-454B-B533-598E8D9E2903}.Debug|Any CPU.ActiveCfg = Debug|Any CPU
		{4F5ECE48-B557-454B-B533-598E8D9E2903}.Debug|Any CPU.Build.0 = Debug|Any CPU
		{4F5ECE48-B557-454B-B533-598E8D9E2903}.Release|Any CPU.ActiveCfg = Release|Any CPU
		{4F5ECE48-B557-454B-B533-598E8D9E2903}.Release|Any CPU.Build.0 = Release|Any CPU
		{6DEEBDD9-5427-4060-B2A1-723C7165C299}.Debug|Any CPU.ActiveCfg = Debug|Any CPU
		{6DEEBDD9-5427-4060-B2A1-723C7165C299}.Debug|Any CPU.Build.0 = Debug|Any CPU
		{6DEEBDD9-5427-4060-B2A1-723C7165C299}.Release|Any CPU.ActiveCfg = Release|Any CPU
		{6DEEBDD9-5427-4060-B2A1-723C7165C299}.Release|Any CPU.Build.0 = Release|Any CPU
	EndGlobalSection
	GlobalSection(SolutionProperties) = preSolution
		HideSolutionNode = FALSE
	EndGlobalSection
EndGlobal
